
Microsoft Visual Studio Solution File, Format Version 12.00
Project("{FAE04EC0-301F-11D3-BF4B-00C04F79EFBC}") = "ZH-masik-csoport", "ZH-masik-csoport.csproj", "{48790FF0-2367-43B9-A03E-23BC576F1F8B}"
EndProject
Global
	GlobalSection(SolutionConfigurationPlatforms) = preSolution
		Debug|Any CPU = Debug|Any CPU
		Release|Any CPU = Release|Any CPU
	EndGlobalSection
	GlobalSection(ProjectConfigurationPlatforms) = postSolution
		{48790FF0-2367-43B9-A03E-23BC576F1F8B}.Debug|Any CPU.ActiveCfg = Debug|Any CPU
		{48790FF0-2367-43B9-A03E-23BC576F1F8B}.Debug|Any CPU.Build.0 = Debug|Any CPU
		{48790FF0-2367-43B9-A03E-23BC576F1F8B}.Release|Any CPU.ActiveCfg = Release|Any CPU
		{48790FF0-2367-43B9-A03E-23BC576F1F8B}.Release|Any CPU.Build.0 = Release|Any CPU
	EndGlobalSection
EndGlobal
